
Microsoft Visual Studio Solution File, Format Version 12.00
# Visual Studio Version 16
VisualStudioVersion = 16.0.31005.135
MinimumVisualStudioVersion = 10.0.40219.1
Project("{9A19103F-16F7-4668-BE54-9A1E7A4F7556}") = "Lucky_Ticket", "Lucky_Ticket\Lucky_Ticket.csproj", "{CDEC0D63-5852-4265-8971-EB802C5AD213}"
EndProject
Global
	GlobalSection(SolutionConfigurationPlatforms) = preSolution
		Debug|Any CPU = Debug|Any CPU
		Release|Any CPU = Release|Any CPU
	EndGlobalSection
	GlobalSection(ProjectConfigurationPlatforms) = postSolution
		{CDEC0D63-5852-4265-8971-EB802C5AD213}.Debug|Any CPU.ActiveCfg = Debug|Any CPU
		{CDEC0D63-5852-4265-8971-EB802C5AD213}.Debug|Any CPU.Build.0 = Debug|Any CPU
		{CDEC0D63-5852-4265-8971-EB802C5AD213}.Release|Any CPU.ActiveCfg = Debug|Any CPU
		{CDEC0D63-5852-4265-8971-EB802C5AD213}.Release|Any CPU.Build.0 = Debug|Any CPU
	EndGlobalSection
	GlobalSection(SolutionProperties) = preSolution
		HideSolutionNode = FALSE
	EndGlobalSection
	GlobalSection(ExtensibilityGlobals) = postSolution
		SolutionGuid = {C6E221CB-930D-4D77-92D3-EDC3099FAF08}
	EndGlobalSection
EndGlobal
